
Microsoft Visual Studio Solution File, Format Version 12.00
# Visual Studio Version 17
VisualStudioVersion = 17.2.32630.192
MinimumVisualStudioVersion = 10.0.40219.1
Project("{9A19103F-16F7-4668-BE54-9A1E7A4F7556}") = "PhotoSorter", "PhotoSorter\PhotoSorter.csproj", "{4549728B-B34C-4F27-B362-CB02DE89CEFF}"
EndProject
Project("{9A19103F-16F7-4668-BE54-9A1E7A4F7556}") = "PhotoSorterLibrary", "PhotoSorterLibrary\PhotoSorterLibrary.csproj", "{634F861B-6B84-4257-BA4C-B04FA79E8342}"
EndProject
Global
	GlobalSection(SolutionConfigurationPlatforms) = preSolution
		Debug|Any CPU = Debug|Any CPU
		Release|Any CPU = Release|Any CPU
	EndGlobalSection
	GlobalSection(ProjectConfigurationPlatforms) = postSolution
		{4549728B-B34C-4F27-B362-CB02DE89CEFF}.Debug|Any CPU.ActiveCfg = Debug|Any CPU
		{4549728B-B34C-4F27-B362-CB02DE89CEFF}.Debug|Any CPU.Build.0 = Debug|Any CPU
		{4549728B-B34C-4F27-B362-CB02DE89CEFF}.Release|Any CPU.ActiveCfg = Release|Any CPU
		{4549728B-B34C-4F27-B362-CB02DE89CEFF}.Release|Any CPU.Build.0 = Release|Any CPU
		{634F861B-6B84-4257-BA4C-B04FA79E8342}.Debug|Any CPU.ActiveCfg = Debug|Any CPU
		{634F861B-6B84-4257-BA4C-B04FA79E8342}.Debug|Any CPU.Build.0 = Debug|Any CPU
		{634F861B-6B84-4257-BA4C-B04FA79E8342}.Release|Any CPU.ActiveCfg = Release|Any CPU
		{634F861B-6B84-4257-BA4C-B04FA79E8342}.Release|Any CPU.Build.0 = Release|Any CPU
	EndGlobalSection
	GlobalSection(SolutionProperties) = preSolution
		HideSolutionNode = FALSE
	EndGlobalSection
	GlobalSection(ExtensibilityGlobals) = postSolution
		SolutionGuid = {56AA75E5-8268-46C7-800C-C1D26C3D41D9}
	EndGlobalSection
EndGlobal
